
Microsoft Visual Studio Solution File, Format Version 12.00
# Visual Studio Version 16
VisualStudioVersion = 16.0.32428.217
MinimumVisualStudioVersion = 10.0.40219.1
Project("{9092AA53-FB77-4645-B42D-1CCCA6BD08BD}") = "app", "app.njsproj", "{6504D929-BC8A-46C3-A094-5AB067D9BFD8}"
EndProject
Global
	GlobalSection(SolutionConfigurationPlatforms) = preSolution
		Debug|Any CPU = Debug|Any CPU
		Release|Any CPU = Release|Any CPU
	EndGlobalSection
	GlobalSection(ProjectConfigurationPlatforms) = postSolution
		{6504D929-BC8A-46C3-A094-5AB067D9BFD8}.Debug|Any CPU.ActiveCfg = Debug|Any CPU
		{6504D929-BC8A-46C3-A094-5AB067D9BFD8}.Debug|Any CPU.Build.0 = Debug|Any CPU
		{6504D929-BC8A-46C3-A094-5AB067D9BFD8}.Release|Any CPU.ActiveCfg = Release|Any CPU
		{6504D929-BC8A-46C3-A094-5AB067D9BFD8}.Release|Any CPU.Build.0 = Release|Any CPU
	EndGlobalSection
	GlobalSection(SolutionProperties) = preSolution
		HideSolutionNode = FALSE
	EndGlobalSection
	GlobalSection(ExtensibilityGlobals) = postSolution
		SolutionGuid = {5562AC5E-6E86-4244-8A44-3532AD36742F}
	EndGlobalSection
EndGlobal
